{
    "_meta": {
        "hash": {
            "sha256": "24853f62bbb43adcf80f860f8d195002a0adafa8e170ff54e61949917e01ab65"
        },
        "pipfile-spec": 6,
        "requires": {
            "python_version": "3.9"
        },
        "sources": [
            {
                "name": "pypi",
                "url": "https://pypi.org/simple",
                "verify_ssl": true
            }
        ]
    },
    "default": {
        "wheel": {
            "hashes": [
                "sha256:965f5259b566725405b05e7cf774052044b1ed30119b5d586b2703aafe8719ac",
                "sha256:b60533f3f5d530e971d6737ca6d58681ee434818fab630c83a734bb10c083ce8"
            ],
            "index": "pypi",
            "markers": "python_version >= '3.7'",
            "version": "==0.38.4"
        }
    },
    "develop": {}
}
