metadata:
  version: '1.0'
artifacts:
- download_url: https://www.x.org/releases/individual/util/util-macros-1.20.2.tar.gz
  checksum: sha256:f642f8964d81acdf06653fdf9dbc210c43ce4bd308bd644a8d573148d0ced76b
  filename: util-macros-1.20.2.tar.gz
- download_url: https://www.x.org/releases/individual/lib/libxkbfile-1.1.3.tar.gz
  checksum: sha256:c4c2687729d1f920f165ebb96557a1ead2ef655809ab5eaa66a1ad36dc31050d
  filename: libxkbfile-1.1.3.tar.gz
- download_url: https://github.com/goreleaser/nfpm/releases/download/v2.44.1/nfpm-2.44.1-1.x86_64.rpm
  checksum: sha256:74f9d1c5f13b6661940472d96be2b819c326f2793afb096e4d98e9d4ec2e9d1f
  filename: nfpm-2.44.1-1.x86_64.rpm
- download_url: https://github.com/goreleaser/nfpm/releases/download/v2.44.1/nfpm-2.44.1-1.s390x.rpm
  checksum: sha256:f2a77bccc22fdf2e14f6dd545ac90393ed75481f8075620f8706d08f702b7aef
  filename: nfpm-2.44.1-1.s390x.rpm
- download_url: https://github.com/goreleaser/nfpm/releases/download/v2.44.1/nfpm-2.44.1-1.aarch64.rpm
  checksum: sha256:45585140b10502db4b29833215977f82ed3eaa463137a7aead8ab15d259ae0d2
  filename: nfpm-2.44.1-1.aarch64.rpm
- download_url: https://github.com/goreleaser/nfpm/releases/download/v2.44.1/nfpm-2.44.1-1.ppc64le.rpm
  checksum: sha256:9814d43163c32de1974e72e2679032216da7dea64a0054ce85f4d1fd39f39cd6
  filename: nfpm-2.44.1-1.ppc64le.rpm
- download_url: https://electronjs.org/headers/v37.3.1/node-v37.3.1-headers.tar.gz
  checksum: sha256:85940d5719d913f47ad2dcb8feb1af20a2003f58ada808f5d7a80529364d2ac8
  filename: node-v37.3.1-headers.tar.gz
- download_url: https://github.com/ranisalt/node-argon2/releases/download/v0.28.7/argon2-v0.28.7-napi-v3-linux-x64-glibc.tar.gz
  checksum: sha256:5e4f98a014681f286a8ed298758c1c76a1269ac40ba171962eb6c12085bca202
  filename: argon2-v0.28.7-napi-v3-linux-x64-glibc.tar.gz
