---
metadata:
  version: '1.0'
artifacts:
  - download_url: https://github.com/microsoft/ripgrep-prebuilt/releases/download/v13.0.0-13/ripgrep-v13.0.0-13-x86_64-unknown-linux-musl.tar.gz
    checksum: sha256:324cd645481db1ceda8621409c9151fc58d182b90cc5c428db80edb21fb26df3
    filename: ripgrep-v13.0.0-13-x86_64-unknown-linux-musl.tar.gz
  - download_url: https://github.com/microsoft/ripgrep-prebuilt/releases/download/v13.0.0-13/ripgrep-v13.0.0-13-aarch64-unknown-linux-gnu.tar.gz
    checksum: sha256:1b0ca509f8707f2128f1b3ef245c3ea666d49a737431288536d49bd74652d143
    filename: ripgrep-v13.0.0-13-aarch64-unknown-linux-musl.tar.gz
  - download_url: https://github.com/microsoft/ripgrep-prebuilt/releases/download/v13.0.0-13/ripgrep-v13.0.0-13-powerpc64le-unknown-linux-gnu.tar.gz
    checksum: sha256:a3fdb2c6ef9d4ff927ca1cb1e56f7aed7913d1be4dd4546aec400118c26452ab
    filename: ripgrep-v13.0.0-13-powerpc64le-unknown-linux-gnu.tar.gz
  - download_url: https://github.com/microsoft/ripgrep-prebuilt/releases/download/v13.0.0-13/ripgrep-v13.0.0-13-s390x-unknown-linux-gnu.tar.gz
    checksum: sha256:555983c74789d553b107c5a2de90b883727b3e43d680f0cd289a07407efb2755
    filename: ripgrep-v13.0.0-13-s390x-unknown-linux-gnu.tar.gz
