{
    "_meta": {
        "hash": {
            "sha256": "6502054abe1adaf46b5a0ddc7b60b5a5757f05003474359a1575194d68c48d04"
        },
        "pipfile-spec": 6,
        "requires": {
            "python_version": "3.11"
        },
        "sources": [
            {
                "name": "pypi",
                "url": "https://pypi.org/simple",
                "verify_ssl": true
            }
        ]
    },
    "default": {
        "setuptools": {
            "hashes": [
                "sha256:0ff4183f8f42cd8fa3acea16c45205521a4ef28f73c6391d8a25e92893134f2e",
                "sha256:c21c49fb1042386df081cb5d86759792ab89efca84cf114889191cd09aacc80c"
            ],
            "index": "pypi",
            "version": "==69.2.0"
        },
        "wheel": {
            "hashes": [
                "sha256:465ef92c69fa5c5da2d1cf8ac40559a8c940886afcef87dcf14b9470862f1d85",
                "sha256:55c570405f142630c6b9f72fe09d9b67cf1477fcf543ae5b8dcb1f5b7377da81"
            ],
            "index": "pypi",
            "version": "==0.43.0"
        }
    },
    "develop": {}
}
