{
    "_meta": {
        "hash": {
            "sha256": "749fc0c4364798ed77d3e68d28df97a123cb8ad14370fd44d23c92a0bdf7a8ed"
        },
        "pipfile-spec": 6,
        "requires": {
            "python_version": "3.9"
        },
        "sources": [
            {
                "name": "pypi",
                "url": "https://pypi.org/simple",
                "verify_ssl": true
            }
        ]
    },
    "default": {
        "setuptools": {
            "hashes": [
                "sha256:54faa7f2e8d2d11bcd2c07bed282eef1046b5c080d1c32add737d7b5817b1ad4",
                "sha256:f211a66637b8fa059bb28183da127d4e86396c991a942b028c6650d4319c3fd0"
            ],
            "index": "pypi",
            "markers": "python_version >= '3.8'",
            "version": "==70.0.0"
        },
        "wheel": {
            "hashes": [
                "sha256:488609bc63a29322326e05560731bf7bfea8e48ad646e1f5e40d366607de0942",
                "sha256:4d4987ce51a49370ea65c0bfd2234e8ce80a12780820d9dc462597a6e60d0841"
            ],
            "index": "pypi",
            "markers": "python_version >= '3.7'",
            "version": "==0.41.3"
        }
    },
    "develop": {}
}
