{
    "_meta": {
        "hash": {
            "sha256": "23909009b5c447e6581de7a66f1e859d0036ca078c1163ae70d9dae27791a7d8"
        },
        "pipfile-spec": 6,
        "requires": {
            "python_version": "3.8"
        },
        "sources": [
            {
                "name": "pypi",
                "url": "https://pypi.org/simple",
                "verify_ssl": true
            }
        ]
    },
    "default": {
        "setuptools": {
            "hashes": [
                "sha256:3d4dfa6d95f1b101d695a6160a7626e15583af71a5f52176efa5d39a054d475d",
                "sha256:3d8083eed2d13afc9426f227b24fd1659489ec107c0e86cec2ffdde5c92e790b"
            ],
            "index": "pypi",
            "markers": "python_version >= '3.8'",
            "version": "==68.1.2"
        },
        "wheel": {
            "hashes": [
                "sha256:488609bc63a29322326e05560731bf7bfea8e48ad646e1f5e40d366607de0942",
                "sha256:4d4987ce51a49370ea65c0bfd2234e8ce80a12780820d9dc462597a6e60d0841"
            ],
            "index": "pypi",
            "markers": "python_version >= '3.7'",
            "version": "==0.41.3"
        }
    },
    "develop": {}
}
