{
    "_meta": {
        "hash": {
            "sha256": "23909009b5c447e6581de7a66f1e859d0036ca078c1163ae70d9dae27791a7d8"
        },
        "pipfile-spec": 6,
        "requires": {
            "python_version": "3.8"
        },
        "sources": [
            {
                "name": "pypi",
                "url": "https://pypi.org/simple",
                "verify_ssl": true
            }
        ]
    },
    "default": {
        "setuptools": {
            "hashes": [
                "sha256:3d4dfa6d95f1b101d695a6160a7626e15583af71a5f52176efa5d39a054d475d",
                "sha256:3d8083eed2d13afc9426f227b24fd1659489ec107c0e86cec2ffdde5c92e790b"
            ],
            "index": "pypi",
            "version": "==68.1.2"
        },
        "wheel": {
            "hashes": [
                "sha256:0c5ac5ff2afb79ac23ab82bab027a0be7b5dbcf2e54dc50efe4bf507de1f7985",
                "sha256:75909db2664838d015e3d9139004ee16711748a52c8f336b52882266540215d8"
            ],
            "index": "pypi",
            "version": "==0.41.2"
        }
    },
    "develop": {}
}
